PODS:
  - mopub-ios-sdk (5.18.2):
    - mopub-ios-sdk/MoPubSDK (= 5.18.2)
  - mopub-ios-sdk/Core (5.18.2)
  - mopub-ios-sdk/MoPubSDK (5.18.2):
    - mopub-ios-sdk/Core
    - mopub-ios-sdk/NativeAds
  - mopub-ios-sdk/NativeAds (5.18.2):
    - mopub-ios-sdk/Core
  - pixalate-prebid-blocking (0.1.0)

DEPENDENCIES:
  - mopub-ios-sdk (~> 5.13)
  - pixalate-prebid-blocking (from `../`)

SPEC REPOS:
  trunk:
    - mopub-ios-sdk

EXTERNAL SOURCES:
  pixalate-prebid-blocking:
    :path: "../"

SPEC CHECKSUMS:
  mopub-ios-sdk: 39dd404dc791e543979b91aa8e3b27197af91377
  pixalate-prebid-blocking: ac0a6337441337082d45fbda45e837117e16ac72

PODFILE CHECKSUM: faebac4c1927dcca39f8131527334cc45e7fca5e

COCOAPODS: 1.11.2
